
Microsoft Visual Studio Solution File, Format Version 12.00
# Visual Studio Version 17
VisualStudioVersion = 17.6.33829.357
MinimumVisualStudioVersion = 10.0.40219.1
Project("{F2A71F9B-5D33-465A-A702-920D77279786}") = "FsSandbox", "FsSandbox\FsSandbox.fsproj", "{756DB359-3EB0-44F9-9A62-7E227B83837A}"
EndProject
Global
	GlobalSection(SolutionConfigurationPlatforms) = preSolution
		Debug|Any CPU = Debug|Any CPU
		Release|Any CPU = Release|Any CPU
	EndGlobalSection
	GlobalSection(ProjectConfigurationPlatforms) = postSolution
		{756DB359-3EB0-44F9-9A62-7E227B83837A}.Debug|Any CPU.ActiveCfg = Debug|Any CPU
		{756DB359-3EB0-44F9-9A62-7E227B83837A}.Debug|Any CPU.Build.0 = Debug|Any CPU
		{756DB359-3EB0-44F9-9A62-7E227B83837A}.Release|Any CPU.ActiveCfg = Release|Any CPU
		{756DB359-3EB0-44F9-9A62-7E227B83837A}.Release|Any CPU.Build.0 = Release|Any CPU
	EndGlobalSection
	GlobalSection(SolutionProperties) = preSolution
		HideSolutionNode = FALSE
	EndGlobalSection
	GlobalSection(ExtensibilityGlobals) = postSolution
		SolutionGuid = {98B48290-E91C-4023-A583-205571D8FCE6}
	EndGlobalSection
EndGlobal
